
Microsoft Visual Studio Solution File, Format Version 11.00
# Visual Studio 2010
Project("{FAE04EC0-301F-11D3-BF4B-00C04F79EFBC}") = "LeapMotion-Game", "Assembly-CSharp.csproj", "{D314CD1F-3BCB-0BC4-70C1-4DC0F2A66E14}"
EndProject
Project("{FAE04EC0-301F-11D3-BF4B-00C04F79EFBC}") = "LeapMotion-Game", "Assembly-CSharp-Editor.csproj", "{3C860146-CF08-297E-F248-8B71996A51C5}"
EndProject
Global
	GlobalSection(SolutionConfigurationPlatforms) = preSolution
		Debug|Any CPU = Debug|Any CPU
		Release|Any CPU = Release|Any CPU
	EndGlobalSection
	GlobalSection(ProjectConfigurationPlatforms) = postSolution
		{D314CD1F-3BCB-0BC4-70C1-4DC0F2A66E14}.Debug|Any CPU.ActiveCfg = Debug|Any CPU
		{D314CD1F-3BCB-0BC4-70C1-4DC0F2A66E14}.Debug|Any CPU.Build.0 = Debug|Any CPU
		{D314CD1F-3BCB-0BC4-70C1-4DC0F2A66E14}.Release|Any CPU.ActiveCfg = Release|Any CPU
		{D314CD1F-3BCB-0BC4-70C1-4DC0F2A66E14}.Release|Any CPU.Build.0 = Release|Any CPU
		{3C860146-CF08-297E-F248-8B71996A51C5}.Debug|Any CPU.ActiveCfg = Debug|Any CPU
		{3C860146-CF08-297E-F248-8B71996A51C5}.Debug|Any CPU.Build.0 = Debug|Any CPU
		{3C860146-CF08-297E-F248-8B71996A51C5}.Release|Any CPU.ActiveCfg = Release|Any CPU
		{3C860146-CF08-297E-F248-8B71996A51C5}.Release|Any CPU.Build.0 = Release|Any CPU
	EndGlobalSection
	GlobalSection(SolutionProperties) = preSolution
		HideSolutionNode = FALSE
	EndGlobalSection
	GlobalSection(MonoDevelopProperties) = preSolution
		StartupItem = Assembly-CSharp.csproj
	EndGlobalSection
EndGlobal
